// !$*UTF8*$!
{
	archiveVersion = 1;
	classes = {
	};
	objectVersion = 50;
	objects = {

/* Begin PBXBuildFile section */
		D2AE06222251DFCF009C4C1B /* AppDelegate.m in Sources */ = {isa = PBXBuildFile; fileRef = D2AE06212251DFCF009C4C1B /* AppDelegate.m */; };
		D2AE06252251DFCF009C4C1B /* ViewController.m in Sources */ = {isa = PBXBuildFile; fileRef = D2AE06242251DFCF009C4C1B /* ViewController.m */; };
		D2AE06282251DFCF009C4C1B /* Main.storyboard in Resources */ = {isa = PBXBuildFile; fileRef = D2AE06262251DFCF009C4C1B /* Main.storyboard */; };
		D2AE062A2251DFD1009C4C1B /* Assets.xcassets in Resources */ = {isa = PBXBuildFile; fileRef = D2AE06292251DFD1009C4C1B /* Assets.xcassets */; };
		D2AE062D2251DFD1009C4C1B /* LaunchScreen.storyboard in Resources */ = {isa = PBXBuildFile; fileRef = D2AE062B2251DFD1009C4C1B /* LaunchScreen.storyboard */; };
		D2AE06302251DFD1009C4C1B /* main.m in Sources */ = {isa = PBXBuildFile; fileRef = D2AE062F2251DFD1009C4C1B /* main.m */; };
		D2AE06382251DFF3009C4C1B /* BJIAPHelper.m in Sources */ = {isa = PBXBuildFile; fileRef = D2AE06372251DFF3009C4C1B /* BJIAPHelper.m */; };
/* End PBXBuildFile section */

/* Begin PBXFileReference section */
		D2AE061D2251DFCF009C4C1B /* IAPHelper.app */ = {isa = PBXFileReference; explicitFileType = wrapper.application; includeInIndex = 0; path = IAPHelper.app; sourceTree = BUILT_PRODUCTS_DIR; };
		D2AE06202251DFCF009C4C1B /* AppDelegate.h */ = {isa = PBXFileReference; lastKnownFileType = sourcecode.c.h; path = AppDelegate.h; sourceTree = "<group>"; };
		D2AE06212251DFCF009C4C1B /* AppDelegate.m */ = {isa = PBXFileReference; lastKnownFileType = sourcecode.c.objc; path = AppDelegate.m; sourceTree = "<group>"; };
		D2AE06232251DFCF009C4C1B /* ViewController.h */ = {isa = PBXFileReference; lastKnownFileType = sourcecode.c.h; path = ViewController.h; sourceTree = "<group>"; };
		D2AE06242251DFCF009C4C1B /* ViewController.m */ = {isa = PBXFileReference; lastKnownFileType = sourcecode.c.objc; path = ViewController.m; sourceTree = "<group>"; };
		D2AE06272251DFCF009C4C1B /* Base */ = {isa = PBXFileReference; lastKnownFileType = file.storyboard; name = Base; path = Base.lproj/Main.storyboard; sourceTree = "<group>"; };
		D2AE06292251DFD1009C4C1B /* Assets.xcassets */ = {isa = PBXFileReference; lastKnownFileType = folder.assetcatalog; path = Assets.xcassets; sourceTree = "<group>"; };
		D2AE062C2251DFD1009C4C1B /* Base */ = {isa = PBXFileReference; lastKnownFileType = file.storyboard; name = Base; path = Base.lproj/LaunchScreen.storyboard; sourceTree = "<group>"; };
		D2AE062E2251DFD1009C4C1B /* Info.plist */ = {isa = PBXFileReference; lastKnownFileType = text.plist.xml; path = Info.plist; sourceTree = "<group>"; };
		D2AE062F2251DFD1009C4C1B /* main.m */ = {isa = PBXFileReference; lastKnownFileType = sourcecode.c.objc; path = main.m; sourceTree = "<group>"; };
		D2AE06362251DFF3009C4C1B /* BJIAPHelper.h */ = {isa = PBXFileReference; fileEncoding = 4; lastKnownFileType = sourcecode.c.h; path = BJIAPHelper.h; sourceTree = "<group>"; };
		D2AE06372251DFF3009C4C1B /* BJIAPHelper.m */ = {isa = PBXFileReference; fileEncoding = 4; lastKnownFileType = sourcecode.c.objc; path = BJIAPHelper.m; sourceTree = "<group>"; };
/* End PBXFileReference section */

/* Begin PBXFrameworksBuildPhase section */
		D2AE061A2251DFCF009C4C1B /* Frameworks */ = {
			isa = PBXFrameworksBuildPhase;
			buildActionMask = 2147483647;
			files = (
			);
			runOnlyForDeploymentPostprocessing = 0;
		};
/* End PBXFrameworksBuildPhase section */

/* Begin PBXGroup section */
		D2AE06142251DFCF009C4C1B = {
			isa = PBXGroup;
			children = (
				D2AE061F2251DFCF009C4C1B /* IAPHelper */,
				D2AE061E2251DFCF009C4C1B /* Products */,
			);
			sourceTree = "<group>";
		};
		D2AE061E2251DFCF009C4C1B /* Products */ = {
			isa = PBXGroup;
			children = (
				D2AE061D2251DFCF009C4C1B /* IAPHelper.app */,
			);
			name = Products;
			sourceTree = "<group>";
		};
		D2AE061F2251DFCF009C4C1B /* IAPHelper */ = {
			isa = PBXGroup;
			children = (
				D2AE06392251E012009C4C1B /* Helper */,
				D2AE06202251DFCF009C4C1B /* AppDelegate.h */,
				D2AE06212251DFCF009C4C1B /* AppDelegate.m */,
				D2AE06232251DFCF009C4C1B /* ViewController.h */,
				D2AE06242251DFCF009C4C1B /* ViewController.m */,
				D2AE06262251DFCF009C4C1B /* Main.storyboard */,
				D2AE06292251DFD1009C4C1B /* Assets.xcassets */,
				D2AE062B2251DFD1009C4C1B /* LaunchScreen.storyboard */,
				D2AE062E2251DFD1009C4C1B /* Info.plist */,
				D2AE062F2251DFD1009C4C1B /* main.m */,
			);
			path = IAPHelper;
			sourceTree = "<group>";
		};
		D2AE06392251E012009C4C1B /* Helper */ = {
			isa = PBXGroup;
			children = (
				D2AE06362251DFF3009C4C1B /* BJIAPHelper.h */,
				D2AE06372251DFF3009C4C1B /* BJIAPHelper.m */,
			);
			path = Helper;
			sourceTree = "<group>";
		};
/* End PBXGroup section */

/* Begin PBXNativeTarget section */
		D2AE061C2251DFCF009C4C1B /* IAPHelper */ = {
			isa = PBXNativeTarget;
			buildConfigurationList = D2AE06332251DFD1009C4C1B /* Build configuration list for PBXNativeTarget "IAPHelper" */;
			buildPhases = (
				D2AE06192251DFCF009C4C1B /* Sources */,
				D2AE061A2251DFCF009C4C1B /* Frameworks */,
				D2AE061B2251DFCF009C4C1B /* Resources */,
			);
			buildRules = (
			);
			dependencies = (
			);
			name = IAPHelper;
			productName = IAPHelper;
			productReference = D2AE061D2251DFCF009C4C1B /* IAPHelper.app */;
			productType = "com.apple.product-type.application";
		};
/* End PBXNativeTarget section */

/* Begin PBXProject section */
		D2AE06152251DFCF009C4C1B /* Project object */ = {
			isa = PBXProject;
			attributes = {
				LastUpgradeCheck = 1010;
				ORGANIZATIONNAME = apple;
				TargetAttributes = {
					D2AE061C2251DFCF009C4C1B = {
						CreatedOnToolsVersion = 10.1;
					};
				};
			};
			buildConfigurationList = D2AE06182251DFCF009C4C1B /* Build configuration list for PBXProject "IAPHelper" */;
			compatibilityVersion = "Xcode 9.3";
			developmentRegion = en;
			hasScannedForEncodings = 0;
			knownRegions = (
				en,
				Base,
			);
			mainGroup = D2AE06142251DFCF009C4C1B;
			productRefGroup = D2AE061E2251DFCF009C4C1B /* Products */;
			projectDirPath = "";
			projectRoot = "";
			targets = (
				D2AE061C2251DFCF009C4C1B /* IAPHelper */,
			);
		};
/* End PBXProject section */

/* Begin PBXResourcesBuildPhase section */
		D2AE061B2251DFCF009C4C1B /* Resources */ = {
			isa = PBXResourcesBuildPhase;
			buildActionMask = 2147483647;
			files = (
				D2AE062D2251DFD1009C4C1B /* LaunchScreen.storyboard in Resources */,
				D2AE062A2251DFD1009C4C1B /* Assets.xcassets in Resources */,
				D2AE06282251DFCF009C4C1B /* Main.storyboard in Resources */,
			);
			runOnlyForDeploymentPostprocessing = 0;
		};
/* End PBXResourcesBuildPhase section */

/* Begin PBXSourcesBuildPhase section */
		D2AE06192251DFCF009C4C1B /* Sources */ = {
			isa = PBXSourcesBuildPhase;
			buildActionMask = 2147483647;
			files = (
				D2AE06252251DFCF009C4C1B /* ViewController.m in Sources */,
				D2AE06302251DFD1009C4C1B /* main.m in Sources */,
				D2AE06382251DFF3009C4C1B /* BJIAPHelper.m in Sources */,
				D2AE06222251DFCF009C4C1B /* AppDelegate.m in Sources */,
			);
			runOnlyForDeploymentPostprocessing = 0;
		};
/* End PBXSourcesBuildPhase section */

/* Begin PBXVariantGroup section */
		D2AE06262251DFCF009C4C1B /* Main.storyboard */ = {
			isa = PBXVariantGroup;
			children = (
				D2AE06272251DFCF009C4C1B /* Base */,
			);
			name = Main.storyboard;
			sourceTree = "<group>";
		};
		D2AE062B2251DFD1009C4C1B /* LaunchScreen.storyboard */ = {
			isa = PBXVariantGroup;
			children = (
				D2AE062C2251DFD1009C4C1B /* Base */,
			);
			name = LaunchScreen.storyboard;
			sourceTree = "<group>";
		};
/* End PBXVariantGroup section */

/* Begin XCBuildConfiguration section */
		D2AE06312251DFD1009C4C1B /* Debug */ = {
			isa = XCBuildConfiguration;
			buildSettings = {
				ALWAYS_SEARCH_USER_PATHS = NO;
				CLANG_ANALYZER_NONNULL = YES;
				CLANG_ANALYZER_NUMBER_OBJECT_CONVERSION = YES_AGGRESSIVE;
				CLANG_CXX_LANGUAGE_STANDARD = "gnu++14";
				CLANG_CXX_LIBRARY = "libc++";
				CLANG_ENABLE_MODULES = YES;
				CLANG_ENABLE_OBJC_ARC = YES;
				CLANG_ENABLE_OBJC_WEAK = YES;
				CLANG_WARN_BLOCK_CAPTURE_AUTORELEASING = YES;
				CLANG_WARN_BOOL_CONVERSION = YES;
				CLANG_WARN_COMMA = YES;
				CLANG_WARN_CONSTANT_CONVERSION = YES;
				CLANG_WARN_DEPRECATED_OBJC_IMPLEMENTATIONS = YES;
				CLANG_WARN_DIRECT_OBJC_ISA_USAGE = YES_ERROR;
				CLANG_WARN_DOCUMENTATION_COMMENTS = YES;
				CLANG_WARN_EMPTY_BODY = YES;
				CLANG_WARN_ENUM_CONVERSION = YES;
				CLANG_WARN_INFINITE_RECURSION = YES;
				CLANG_WARN_INT_CONVERSION = YES;
				CLANG_WARN_NON_LITERAL_NULL_CONVERSION = YES;
				CLANG_WARN_OBJC_IMPLICIT_RETAIN_SELF = YES;
				CLANG_WARN_OBJC_LITERAL_CONVERSION = YES;
				CLANG_WARN_OBJC_ROOT_CLASS = YES_ERROR;
				CLANG_WARN_RANGE_LOOP_ANALYSIS = YES;
				CLANG_WARN_STRICT_PROTOTYPES = YES;
				CLANG_WARN_SUSPICIOUS_MOVE = YES;
				CLANG_WARN_UNGUARDED_AVAILABILITY = YES_AGGRESSIVE;
				CLANG_WARN_UNREACHABLE_CODE = YES;
				CLANG_WARN__DUPLICATE_METHOD_MATCH = YES;
				CODE_SIGN_IDENTITY = "iPhone Developer";
				COPY_PHASE_STRIP = NO;
				DEBUG_INFORMATION_FORMAT = dwarf;
				ENABLE_STRICT_OBJC_MSGSEND = YES;
				ENABLE_TESTABILITY = YES;
				GCC_C_LANGUAGE_STANDARD = gnu11;
				GCC_DYNAMIC_NO_PIC = NO;
				GCC_NO_COMMON_BLOCKS = YES;
				GCC_OPTIMIZATION_LEVEL = 0;
				GCC_PREPROCESSOR_DEFINITIONS = (
					"DEBUG=1",
					"$(inherited)",
				);
				GCC_WARN_64_TO_32_BIT_CONVERSION = YES;
				GCC_WARN_ABOUT_RETURN_TYPE = YES_ERROR;
				GCC_WARN_UNDECLARED_SELECTOR = YES;
				GCC_WARN_UNINITIALIZED_AUTOS = YES_AGGRESSIVE;
				GCC_WARN_UNUSED_FUNCTION = YES;
				GCC_WARN_UNUSED_VARIABLE = YES;
				IPHONEOS_DEPLOYMENT_TARGET = 12.1;
				MTL_ENABLE_DEBUG_INFO = INCLUDE_SOURCE;
				MTL_FAST_MATH = YES;
				ONLY_ACTIVE_ARCH = YES;
				SDKROOT = iphoneos;
			};
			name = Debug;
		};
		D2AE06322251DFD1009C4C1B /* Release */ = {
			isa = XCBuildConfiguration;
			buildSettings = {
				ALWAYS_SEARCH_USER_PATHS = NO;
				CLANG_ANALYZER_NONNULL = YES;
				CLANG_ANALYZER_NUMBER_OBJECT_CONVERSION = YES_AGGRESSIVE;
				CLANG_CXX_LANGUAGE_STANDARD = "gnu++14";
				CLANG_CXX_LIBRARY = "libc++";
				CLANG_ENABLE_MODULES = YES;
				CLANG_ENABLE_OBJC_ARC = YES;
				CLANG_ENABLE_OBJC_WEAK = YES;
				CLANG_WARN_BLOCK_CAPTURE_AUTORELEASING = YES;
				CLANG_WARN_BOOL_CONVERSION = YES;
				CLANG_WARN_COMMA = YES;
				CLANG_WARN_CONSTANT_CONVERSION = YES;
				CLANG_WARN_DEPRECATED_OBJC_IMPLEMENTATIONS = YES;
				CLANG_WARN_DIRECT_OBJC_ISA_USAGE = YES_ERROR;
				CLANG_WARN_DOCUMENTATION_COMMENTS = YES;
				CLANG_WARN_EMPTY_BODY = YES;
				CLANG_WARN_ENUM_CONVERSION = YES;
				CLANG_WARN_INFINITE_RECURSION = YES;
				CLANG_WARN_INT_CONVERSION = YES;
				CLANG_WARN_NON_LITERAL_NULL_CONVERSION = YES;
				CLANG_WARN_OBJC_IMPLICIT_RETAIN_SELF = YES;
				CLANG_WARN_OBJC_LITERAL_CONVERSION = YES;
				CLANG_WARN_OBJC_ROOT_CLASS = YES_ERROR;
				CLANG_WARN_RANGE_LOOP_ANALYSIS = YES;
				CLANG_WARN_STRICT_PROTOTYPES = YES;
				CLANG_WARN_SUSPICIOUS_MOVE = YES;
				CLANG_WARN_UNGUARDED_AVAILABILITY = YES_AGGRESSIVE;
				CLANG_WARN_UNREACHABLE_CODE = YES;
				CLANG_WARN__DUPLICATE_METHOD_MATCH = YES;
				CODE_SIGN_IDENTITY = "iPhone Developer";
				COPY_PHASE_STRIP = NO;
				DEBUG_INFORMATION_FORMAT = "dwarf-with-dsym";
				ENABLE_NS_ASSERTIONS = NO;
				ENABLE_STRICT_OBJC_MSGSEND = YES;
				GCC_C_LANGUAGE_STANDARD = gnu11;
				GCC_NO_COMMON_BLOCKS = YES;
				GCC_WARN_64_TO_32_BIT_CONVERSION = YES;
				GCC_WARN_ABOUT_RETURN_TYPE = YES_ERROR;
				GCC_WARN_UNDECLARED_SELECTOR = YES;
				GCC_WARN_UNINITIALIZED_AUTOS = YES_AGGRESSIVE;
				GCC_WARN_UNUSED_FUNCTION = YES;
				GCC_WARN_UNUSED_VARIABLE = YES;
				IPHONEOS_DEPLOYMENT_TARGET = 12.1;
				MTL_ENABLE_DEBUG_INFO = NO;
				MTL_FAST_MATH = YES;
				SDKROOT = iphoneos;
				VALIDATE_PRODUCT = YES;
			};
			name = Release;
		};
		D2AE06342251DFD1009C4C1B /* Debug */ = {
			isa = XCBuildConfiguration;
			buildSettings = {
				ASSETCATALOG_COMPILER_APPICON_NAME = AppIcon;
				CODE_SIGN_STYLE = Automatic;
				INFOPLIST_FILE = IAPHelper/Info.plist;
				LD_RUNPATH_SEARCH_PATHS = (
					"$(inherited)",
					"@executable_path/Frameworks",
				);
				PRODUCT_BUNDLE_IDENTIFIER = com.kang.IAPHelper;
				PRODUCT_NAME = "$(TARGET_NAME)";
				TARGETED_DEVICE_FAMILY = "1,2";
			};
			name = Debug;
		};
		D2AE06352251DFD1009C4C1B /* Release */ = {
			isa = XCBuildConfiguration;
			buildSettings = {
				ASSETCATALOG_COMPILER_APPICON_NAME = AppIcon;
				CODE_SIGN_STYLE = Automatic;
				INFOPLIST_FILE = IAPHelper/Info.plist;
				LD_RUNPATH_SEARCH_PATHS = (
					"$(inherited)",
					"@executable_path/Frameworks",
				);
				PRODUCT_BUNDLE_IDENTIFIER = com.kang.IAPHelper;
				PRODUCT_NAME = "$(TARGET_NAME)";
				TARGETED_DEVICE_FAMILY = "1,2";
			};
			name = Release;
		};
/* End XCBuildConfiguration section */

/* Begin XCConfigurationList section */
		D2AE06182251DFCF009C4C1B /* Build configuration list for PBXProject "IAPHelper" */ = {
			isa = XCConfigurationList;
			buildConfigurations = (
				D2AE06312251DFD1009C4C1B /* Debug */,
				D2AE06322251DFD1009C4C1B /* Release */,
			);
			defaultConfigurationIsVisible = 0;
			defaultConfigurationName = Release;
		};
		D2AE06332251DFD1009C4C1B /* Build configuration list for PBXNativeTarget "IAPHelper" */ = {
			isa = XCConfigurationList;
			buildConfigurations = (
				D2AE06342251DFD1009C4C1B /* Debug */,
				D2AE06352251DFD1009C4C1B /* Release */,
			);
			defaultConfigurationIsVisible = 0;
			defaultConfigurationName = Release;
		};
/* End XCConfigurationList section */
	};
	rootObject = D2AE06152251DFCF009C4C1B /* Project object */;
}
